Microsoft Visual Studio Solution File, Format Version 12.00
# Visual Studio Version 17
VisualStudioVersion = 17.5.2.0
MinimumVisualStudioVersion = 10.0.40219.1
Project("{FAE04EC0-301F-11D3-BF4B-00C04F79EFBC}") = "MyOwnApi", "MyOwnApi.csproj", "{7686B6F8-65B0-832E-A686-A024FD9077B2}"
EndProject
Global
	GlobalSection(SolutionConfigurationPlatforms) = preSolution
		Debug|Any CPU = Debug|Any CPU
		Release|Any CPU = Release|Any CPU
	EndGlobalSection
	GlobalSection(ProjectConfigurationPlatforms) = postSolution
		{7686B6F8-65B0-832E-A686-A024FD9077B2}.Debug|Any CPU.ActiveCfg = Debug|Any CPU
		{7686B6F8-65B0-832E-A686-A024FD9077B2}.Debug|Any CPU.Build.0 = Debug|Any CPU
		{7686B6F8-65B0-832E-A686-A024FD9077B2}.Release|Any CPU.ActiveCfg = Release|Any CPU
		{7686B6F8-65B0-832E-A686-A024FD9077B2}.Release|Any CPU.Build.0 = Release|Any CPU
	EndGlobalSection
	GlobalSection(SolutionProperties) = preSolution
		HideSolutionNode = FALSE
	EndGlobalSection
	GlobalSection(ExtensibilityGlobals) = postSolution
		SolutionGuid = {FBF15AC0-E52E-4439-8258-B9AB68D56E00}
	EndGlobalSection
EndGlobal
